
Microsoft Visual Studio Solution File, Format Version 12.00
# Visual Studio Version 17
VisualStudioVersion = 17.12.35707.178 d17.12
MinimumVisualStudioVersion = 10.0.40219.1
Project("{FAE04EC0-301F-11D3-BF4B-00C04F79EFBC}") = "GB Basic App GitHub", "GB Basic App GitHub\GB Basic App GitHub.csproj", "{F2C53787-C7BF-49B2-B7FD-95E69B404DF8}"
EndProject
Project("{FAE04EC0-301F-11D3-BF4B-00C04F79EFBC}") = "GB_Basic_App_Core.Test", "GB_Basic_App_Core.Test\GB_Basic_App_Core.Test.csproj", "{C34F2FD7-F6B7-4DD6-AD79-602AC6A8DCCD}"
EndProject
Global
	GlobalSection(SolutionConfigurationPlatforms) = preSolution
		Debug|Any CPU = Debug|Any CPU
		Release|Any CPU = Release|Any CPU
	EndGlobalSection
	GlobalSection(ProjectConfigurationPlatforms) = postSolution
		{F2C53787-C7BF-49B2-B7FD-95E69B404DF8}.Debug|Any CPU.ActiveCfg = Debug|Any CPU
		{F2C53787-C7BF-49B2-B7FD-95E69B404DF8}.Debug|Any CPU.Build.0 = Debug|Any CPU
		{F2C53787-C7BF-49B2-B7FD-95E69B404DF8}.Release|Any CPU.ActiveCfg = Release|Any CPU
		{F2C53787-C7BF-49B2-B7FD-95E69B404DF8}.Release|Any CPU.Build.0 = Release|Any CPU
		{C34F2FD7-F6B7-4DD6-AD79-602AC6A8DCCD}.Debug|Any CPU.ActiveCfg = Debug|Any CPU
		{C34F2FD7-F6B7-4DD6-AD79-602AC6A8DCCD}.Debug|Any CPU.Build.0 = Debug|Any CPU
		{C34F2FD7-F6B7-4DD6-AD79-602AC6A8DCCD}.Release|Any CPU.ActiveCfg = Release|Any CPU
		{C34F2FD7-F6B7-4DD6-AD79-602AC6A8DCCD}.Release|Any CPU.Build.0 = Release|Any CPU
	EndGlobalSection
	GlobalSection(SolutionProperties) = preSolution
		HideSolutionNode = FALSE
	EndGlobalSection
EndGlobal
